
Microsoft Visual Studio Solution File, Format Version 12.00
# Visual Studio 14
VisualStudioVersion = 14.0.25123.0
MinimumVisualStudioVersion = 10.0.40219.1
Project("{FAE04EC0-301F-11D3-BF4B-00C04F79EFBC}") = "TestDataGenerator", "TestDataGenerator\TestDataGenerator.csproj", "{A1A401B0-A363-4916-995D-4CCABBC4CEF9}"
EndProject
Project("{FAE04EC0-301F-11D3-BF4B-00C04F79EFBC}") = "TestDataGenerator.BL", "TestDataGenerator.BL\TestDataGenerator.BL.csproj", "{C8927D1A-4A8F-4C36-841B-9B923D188576}"
EndProject
Project("{FAE04EC0-301F-11D3-BF4B-00C04F79EFBC}") = "TestDataGenerator.Data", "TestDataGenerator.Data\TestDataGenerator.Data.csproj", "{09A8C0D4-CAE3-49A6-AACB-F73B599B894B}"
EndProject
Project("{2150E333-8FDC-42A3-9474-1A3956D46DE8}") = "Tests", "Tests", "{10C5846A-2750-44D1-9A24-508194FE52EF}"
EndProject
Project("{FAE04EC0-301F-11D3-BF4B-00C04F79EFBC}") = "TestDataGenerator.BL.Test", "TestDataGenerator.BL.Test\TestDataGenerator.BL.Test.csproj", "{EAEBF79C-FD1B-46B5-AFB5-3D09495BC4A3}"
EndProject
Project("{FAE04EC0-301F-11D3-BF4B-00C04F79EFBC}") = "TestDataGenerator.Data.Test", "TestDataGenerator.Data.Test\TestDataGenerator.Data.Test.csproj", "{062B4787-7455-4961-B787-DBBA84561CD9}"
EndProject
Global
	GlobalSection(SolutionConfigurationPlatforms) = preSolution
		Debug|Any CPU = Debug|Any CPU
		Release|Any CPU = Release|Any CPU
	EndGlobalSection
	GlobalSection(ProjectConfigurationPlatforms) = postSolution
		{A1A401B0-A363-4916-995D-4CCABBC4CEF9}.Debug|Any CPU.ActiveCfg = Debug|Any CPU
		{A1A401B0-A363-4916-995D-4CCABBC4CEF9}.Debug|Any CPU.Build.0 = Debug|Any CPU
		{A1A401B0-A363-4916-995D-4CCABBC4CEF9}.Release|Any CPU.ActiveCfg = Release|Any CPU
		{A1A401B0-A363-4916-995D-4CCABBC4CEF9}.Release|Any CPU.Build.0 = Release|Any CPU
		{C8927D1A-4A8F-4C36-841B-9B923D188576}.Debug|Any CPU.ActiveCfg = Debug|Any CPU
		{C8927D1A-4A8F-4C36-841B-9B923D188576}.Debug|Any CPU.Build.0 = Debug|Any CPU
		{C8927D1A-4A8F-4C36-841B-9B923D188576}.Release|Any CPU.ActiveCfg = Release|Any CPU
		{C8927D1A-4A8F-4C36-841B-9B923D188576}.Release|Any CPU.Build.0 = Release|Any CPU
		{09A8C0D4-CAE3-49A6-AACB-F73B599B894B}.Debug|Any CPU.ActiveCfg = Debug|Any CPU
		{09A8C0D4-CAE3-49A6-AACB-F73B599B894B}.Debug|Any CPU.Build.0 = Debug|Any CPU
		{09A8C0D4-CAE3-49A6-AACB-F73B599B894B}.Release|Any CPU.ActiveCfg = Release|Any CPU
		{09A8C0D4-CAE3-49A6-AACB-F73B599B894B}.Release|Any CPU.Build.0 = Release|Any CPU
		{EAEBF79C-FD1B-46B5-AFB5-3D09495BC4A3}.Debug|Any CPU.ActiveCfg = Debug|Any CPU
		{EAEBF79C-FD1B-46B5-AFB5-3D09495BC4A3}.Debug|Any CPU.Build.0 = Debug|Any CPU
		{EAEBF79C-FD1B-46B5-AFB5-3D09495BC4A3}.Release|Any CPU.ActiveCfg = Release|Any CPU
		{EAEBF79C-FD1B-46B5-AFB5-3D09495BC4A3}.Release|Any CPU.Build.0 = Release|Any CPU
		{062B4787-7455-4961-B787-DBBA84561CD9}.Debug|Any CPU.ActiveCfg = Debug|Any CPU
		{062B4787-7455-4961-B787-DBBA84561CD9}.Debug|Any CPU.Build.0 = Debug|Any CPU
		{062B4787-7455-4961-B787-DBBA84561CD9}.Release|Any CPU.ActiveCfg = Release|Any CPU
		{062B4787-7455-4961-B787-DBBA84561CD9}.Release|Any CPU.Build.0 = Release|Any CPU
	EndGlobalSection
	GlobalSection(SolutionProperties) = preSolution
		HideSolutionNode = FALSE
	EndGlobalSection
	GlobalSection(NestedProjects) = preSolution
		{EAEBF79C-FD1B-46B5-AFB5-3D09495BC4A3} = {10C5846A-2750-44D1-9A24-508194FE52EF}
		{062B4787-7455-4961-B787-DBBA84561CD9} = {10C5846A-2750-44D1-9A24-508194FE52EF}
	EndGlobalSection
EndGlobal
